
Microsoft Visual Studio Solution File, Format Version 12.00
# Visual Studio 15
Project("{FAE04EC0-301F-11D3-BF4B-00C04F79EFBC}") = "Assembly-CSharp", "Assembly-CSharp.csproj", "{617B9DA5-1E0F-5FBD-0FA4-C9A16EB36B7A}"
EndProject
Project("{FAE04EC0-301F-11D3-BF4B-00C04F79EFBC}") = "SteamVR", "SteamVR.csproj", "{60145069-8004-4926-FC5A-0A9EC750B9F3}"
EndProject
Project("{FAE04EC0-301F-11D3-BF4B-00C04F79EFBC}") = "Assembly-CSharp-firstpass", "Assembly-CSharp-firstpass.csproj", "{3D445EF7-298E-4B3D-3AE2-EDDD63ACFF8D}"
EndProject
Project("{FAE04EC0-301F-11D3-BF4B-00C04F79EFBC}") = "SteamVR_Actions", "SteamVR_Actions.csproj", "{8A45F2C8-4005-1849-BB42-7B4E48B09E20}"
EndProject
Project("{FAE04EC0-301F-11D3-BF4B-00C04F79EFBC}") = "Assembly-CSharp-Editor-firstpass", "Assembly-CSharp-Editor-firstpass.csproj", "{47BAF0F2-69CB-8DA5-70F3-C1454BB74F5B}"
EndProject
Project("{FAE04EC0-301F-11D3-BF4B-00C04F79EFBC}") = "SteamVR_Editor", "SteamVR_Editor.csproj", "{D61F66A2-C9A9-FA3E-C873-447ECDDBC4C6}"
EndProject
Project("{FAE04EC0-301F-11D3-BF4B-00C04F79EFBC}") = "SteamVR_Input_Editor", "SteamVR_Input_Editor.csproj", "{40F901D3-66CE-9D4B-2D96-1CBFA33A2E74}"
EndProject
Project("{FAE04EC0-301F-11D3-BF4B-00C04F79EFBC}") = "SteamVR_Windows_EditorHelper", "SteamVR_Windows_EditorHelper.csproj", "{C2ED1B19-CAFE-98DA-3F29-4B2078A7BA73}"
EndProject
Global
	GlobalSection(SolutionConfigurationPlatforms) = preSolution
		Debug|Any CPU = Debug|Any CPU
		Release|Any CPU = Release|Any CPU
	EndGlobalSection
	GlobalSection(ProjectConfigurationPlatforms) = postSolution
		{617B9DA5-1E0F-5FBD-0FA4-C9A16EB36B7A}.Debug|Any CPU.ActiveCfg = Debug|Any CPU
		{617B9DA5-1E0F-5FBD-0FA4-C9A16EB36B7A}.Debug|Any CPU.Build.0 = Debug|Any CPU
		{617B9DA5-1E0F-5FBD-0FA4-C9A16EB36B7A}.Release|Any CPU.ActiveCfg = Release|Any CPU
		{617B9DA5-1E0F-5FBD-0FA4-C9A16EB36B7A}.Release|Any CPU.Build.0 = Release|Any CPU
		{60145069-8004-4926-FC5A-0A9EC750B9F3}.Debug|Any CPU.ActiveCfg = Debug|Any CPU
		{60145069-8004-4926-FC5A-0A9EC750B9F3}.Debug|Any CPU.Build.0 = Debug|Any CPU
		{60145069-8004-4926-FC5A-0A9EC750B9F3}.Release|Any CPU.ActiveCfg = Release|Any CPU
		{60145069-8004-4926-FC5A-0A9EC750B9F3}.Release|Any CPU.Build.0 = Release|Any CPU
		{3D445EF7-298E-4B3D-3AE2-EDDD63ACFF8D}.Debug|Any CPU.ActiveCfg = Debug|Any CPU
		{3D445EF7-298E-4B3D-3AE2-EDDD63ACFF8D}.Debug|Any CPU.Build.0 = Debug|Any CPU
		{3D445EF7-298E-4B3D-3AE2-EDDD63ACFF8D}.Release|Any CPU.ActiveCfg = Release|Any CPU
		{3D445EF7-298E-4B3D-3AE2-EDDD63ACFF8D}.Release|Any CPU.Build.0 = Release|Any CPU
		{8A45F2C8-4005-1849-BB42-7B4E48B09E20}.Debug|Any CPU.ActiveCfg = Debug|Any CPU
		{8A45F2C8-4005-1849-BB42-7B4E48B09E20}.Debug|Any CPU.Build.0 = Debug|Any CPU
		{8A45F2C8-4005-1849-BB42-7B4E48B09E20}.Release|Any CPU.ActiveCfg = Release|Any CPU
		{8A45F2C8-4005-1849-BB42-7B4E48B09E20}.Release|Any CPU.Build.0 = Release|Any CPU
		{47BAF0F2-69CB-8DA5-70F3-C1454BB74F5B}.Debug|Any CPU.ActiveCfg = Debug|Any CPU
		{47BAF0F2-69CB-8DA5-70F3-C1454BB74F5B}.Debug|Any CPU.Build.0 = Debug|Any CPU
		{47BAF0F2-69CB-8DA5-70F3-C1454BB74F5B}.Release|Any CPU.ActiveCfg = Release|Any CPU
		{47BAF0F2-69CB-8DA5-70F3-C1454BB74F5B}.Release|Any CPU.Build.0 = Release|Any CPU
		{D61F66A2-C9A9-FA3E-C873-447ECDDBC4C6}.Debug|Any CPU.ActiveCfg = Debug|Any CPU
		{D61F66A2-C9A9-FA3E-C873-447ECDDBC4C6}.Debug|Any CPU.Build.0 = Debug|Any CPU
		{D61F66A2-C9A9-FA3E-C873-447ECDDBC4C6}.Release|Any CPU.ActiveCfg = Release|Any CPU
		{D61F66A2-C9A9-FA3E-C873-447ECDDBC4C6}.Release|Any CPU.Build.0 = Release|Any CPU
		{40F901D3-66CE-9D4B-2D96-1CBFA33A2E74}.Debug|Any CPU.ActiveCfg = Debug|Any CPU
		{40F901D3-66CE-9D4B-2D96-1CBFA33A2E74}.Debug|Any CPU.Build.0 = Debug|Any CPU
		{40F901D3-66CE-9D4B-2D96-1CBFA33A2E74}.Release|Any CPU.ActiveCfg = Release|Any CPU
		{40F901D3-66CE-9D4B-2D96-1CBFA33A2E74}.Release|Any CPU.Build.0 = Release|Any CPU
		{C2ED1B19-CAFE-98DA-3F29-4B2078A7BA73}.Debug|Any CPU.ActiveCfg = Debug|Any CPU
		{C2ED1B19-CAFE-98DA-3F29-4B2078A7BA73}.Debug|Any CPU.Build.0 = Debug|Any CPU
		{C2ED1B19-CAFE-98DA-3F29-4B2078A7BA73}.Release|Any CPU.ActiveCfg = Release|Any CPU
		{C2ED1B19-CAFE-98DA-3F29-4B2078A7BA73}.Release|Any CPU.Build.0 = Release|Any CPU
	EndGlobalSection
	GlobalSection(SolutionProperties) = preSolution
		HideSolutionNode = FALSE
	EndGlobalSection
EndGlobal
